
Microsoft Visual Studio Solution File, Format Version 12.00
# Visual Studio Version 17
VisualStudioVersion = 17.3.32929.385
MinimumVisualStudioVersion = 10.0.40219.1
Project("{FAE04EC0-301F-11D3-BF4B-00C04F79EFBC}") = "ArmstrongSayilariBulanProgram", "ArmstrongSayilariBulanProgram\ArmstrongSayilariBulanProgram.csproj", "{3F0A2901-5E8C-4478-BA06-C070CD61F6FF}"
EndProject
Global
	GlobalSection(SolutionConfigurationPlatforms) = preSolution
		Debug|Any CPU = Debug|Any CPU
		Release|Any CPU = Release|Any CPU
	EndGlobalSection
	GlobalSection(ProjectConfigurationPlatforms) = postSolution
		{3F0A2901-5E8C-4478-BA06-C070CD61F6FF}.Debug|Any CPU.ActiveCfg = Debug|Any CPU
		{3F0A2901-5E8C-4478-BA06-C070CD61F6FF}.Debug|Any CPU.Build.0 = Debug|Any CPU
		{3F0A2901-5E8C-4478-BA06-C070CD61F6FF}.Release|Any CPU.ActiveCfg = Release|Any CPU
		{3F0A2901-5E8C-4478-BA06-C070CD61F6FF}.Release|Any CPU.Build.0 = Release|Any CPU
	EndGlobalSection
	GlobalSection(SolutionProperties) = preSolution
		HideSolutionNode = FALSE
	EndGlobalSection
	GlobalSection(ExtensibilityGlobals) = postSolution
		SolutionGuid = {F413CA7F-0F90-4B6A-BB05-419AE0F5D84D}
	EndGlobalSection
EndGlobal
