
Microsoft Visual Studio Solution File, Format Version 12.00
# Visual Studio Version 17
VisualStudioVersion = 17.3.32929.385
MinimumVisualStudioVersion = 10.0.40219.1
Project("{FAE04EC0-301F-11D3-BF4B-00C04F79EFBC}") = "IkininKuvvetleri", "IkininKuvvetleri\IkininKuvvetleri.csproj", "{73A7DDD0-20F5-4F3A-93CA-1696515834AE}"
EndProject
Global
	GlobalSection(SolutionConfigurationPlatforms) = preSolution
		Debug|Any CPU = Debug|Any CPU
		Release|Any CPU = Release|Any CPU
	EndGlobalSection
	GlobalSection(ProjectConfigurationPlatforms) = postSolution
		{73A7DDD0-20F5-4F3A-93CA-1696515834AE}.Debug|Any CPU.ActiveCfg = Debug|Any CPU
		{73A7DDD0-20F5-4F3A-93CA-1696515834AE}.Debug|Any CPU.Build.0 = Debug|Any CPU
		{73A7DDD0-20F5-4F3A-93CA-1696515834AE}.Release|Any CPU.ActiveCfg = Release|Any CPU
		{73A7DDD0-20F5-4F3A-93CA-1696515834AE}.Release|Any CPU.Build.0 = Release|Any CPU
	EndGlobalSection
	GlobalSection(SolutionProperties) = preSolution
		HideSolutionNode = FALSE
	EndGlobalSection
	GlobalSection(ExtensibilityGlobals) = postSolution
		SolutionGuid = {0DD96986-6A0C-4FC3-B1BF-08CE26A0A517}
	EndGlobalSection
EndGlobal
