
Microsoft Visual Studio Solution File, Format Version 12.00
# Visual Studio Version 17
VisualStudioVersion = 17.3.32929.385
MinimumVisualStudioVersion = 10.0.40219.1
Project("{FAE04EC0-301F-11D3-BF4B-00C04F79EFBC}") = "GirilenSayiyaKadar4ve5inKuvvetleri", "GirilenSayiyaKadar4ve5inKuvvetleri\GirilenSayiyaKadar4ve5inKuvvetleri.csproj", "{B5065B1E-D489-410D-83EE-B38C13B7A68E}"
EndProject
Global
	GlobalSection(SolutionConfigurationPlatforms) = preSolution
		Debug|Any CPU = Debug|Any CPU
		Release|Any CPU = Release|Any CPU
	EndGlobalSection
	GlobalSection(ProjectConfigurationPlatforms) = postSolution
		{B5065B1E-D489-410D-83EE-B38C13B7A68E}.Debug|Any CPU.ActiveCfg = Debug|Any CPU
		{B5065B1E-D489-410D-83EE-B38C13B7A68E}.Debug|Any CPU.Build.0 = Debug|Any CPU
		{B5065B1E-D489-410D-83EE-B38C13B7A68E}.Release|Any CPU.ActiveCfg = Release|Any CPU
		{B5065B1E-D489-410D-83EE-B38C13B7A68E}.Release|Any CPU.Build.0 = Release|Any CPU
	EndGlobalSection
	GlobalSection(SolutionProperties) = preSolution
		HideSolutionNode = FALSE
	EndGlobalSection
	GlobalSection(ExtensibilityGlobals) = postSolution
		SolutionGuid = {5BA9F6B2-8DA0-4E31-87AA-3F060454744B}
	EndGlobalSection
EndGlobal
