
Microsoft Visual Studio Solution File, Format Version 12.00
# Visual Studio Version 17
VisualStudioVersion = 17.3.32929.385
MinimumVisualStudioVersion = 10.0.40219.1
Project("{FAE04EC0-301F-11D3-BF4B-00C04F79EFBC}") = "HesapMakinesi", "HesapMakinesi\HesapMakinesi.csproj", "{A6A511C1-319C-42FE-A6BD-A2F8B8F3C19D}"
EndProject
Global
	GlobalSection(SolutionConfigurationPlatforms) = preSolution
		Debug|Any CPU = Debug|Any CPU
		Release|Any CPU = Release|Any CPU
	EndGlobalSection
	GlobalSection(ProjectConfigurationPlatforms) = postSolution
		{A6A511C1-319C-42FE-A6BD-A2F8B8F3C19D}.Debug|Any CPU.ActiveCfg = Debug|Any CPU
		{A6A511C1-319C-42FE-A6BD-A2F8B8F3C19D}.Debug|Any CPU.Build.0 = Debug|Any CPU
		{A6A511C1-319C-42FE-A6BD-A2F8B8F3C19D}.Release|Any CPU.ActiveCfg = Release|Any CPU
		{A6A511C1-319C-42FE-A6BD-A2F8B8F3C19D}.Release|Any CPU.Build.0 = Release|Any CPU
	EndGlobalSection
	GlobalSection(SolutionProperties) = preSolution
		HideSolutionNode = FALSE
	EndGlobalSection
	GlobalSection(ExtensibilityGlobals) = postSolution
		SolutionGuid = {CDE156D6-89CF-488F-B68A-DD30BC5F0400}
	EndGlobalSection
EndGlobal
