
Microsoft Visual Studio Solution File, Format Version 12.00
# Visual Studio Version 17
VisualStudioVersion = 17.3.32929.385
MinimumVisualStudioVersion = 10.0.40219.1
Project("{FAE04EC0-301F-11D3-BF4B-00C04F79EFBC}") = "GirilenSayilardanCiftleriBulanProgram", "GirilenSayilardanCiftleriBulanProgram\GirilenSayilardanCiftleriBulanProgram.csproj", "{D618C385-E7D9-45FF-9A5A-36B820DE0E4B}"
EndProject
Global
	GlobalSection(SolutionConfigurationPlatforms) = preSolution
		Debug|Any CPU = Debug|Any CPU
		Release|Any CPU = Release|Any CPU
	EndGlobalSection
	GlobalSection(ProjectConfigurationPlatforms) = postSolution
		{D618C385-E7D9-45FF-9A5A-36B820DE0E4B}.Debug|Any CPU.ActiveCfg = Debug|Any CPU
		{D618C385-E7D9-45FF-9A5A-36B820DE0E4B}.Debug|Any CPU.Build.0 = Debug|Any CPU
		{D618C385-E7D9-45FF-9A5A-36B820DE0E4B}.Release|Any CPU.ActiveCfg = Release|Any CPU
		{D618C385-E7D9-45FF-9A5A-36B820DE0E4B}.Release|Any CPU.Build.0 = Release|Any CPU
	EndGlobalSection
	GlobalSection(SolutionProperties) = preSolution
		HideSolutionNode = FALSE
	EndGlobalSection
	GlobalSection(ExtensibilityGlobals) = postSolution
		SolutionGuid = {BF1119E8-0B81-4E02-A719-949FC92F476B}
	EndGlobalSection
EndGlobal
