
Microsoft Visual Studio Solution File, Format Version 12.00
# Visual Studio Version 17
VisualStudioVersion = 17.3.32929.385
MinimumVisualStudioVersion = 10.0.40219.1
Project("{FAE04EC0-301F-11D3-BF4B-00C04F79EFBC}") = "TekSayiKontrol", "TekSayiKontrol\TekSayiKontrol.csproj", "{2A988F2F-89C2-41C4-9F42-2A09734961FE}"
EndProject
Global
	GlobalSection(SolutionConfigurationPlatforms) = preSolution
		Debug|Any CPU = Debug|Any CPU
		Release|Any CPU = Release|Any CPU
	EndGlobalSection
	GlobalSection(ProjectConfigurationPlatforms) = postSolution
		{2A988F2F-89C2-41C4-9F42-2A09734961FE}.Debug|Any CPU.ActiveCfg = Debug|Any CPU
		{2A988F2F-89C2-41C4-9F42-2A09734961FE}.Debug|Any CPU.Build.0 = Debug|Any CPU
		{2A988F2F-89C2-41C4-9F42-2A09734961FE}.Release|Any CPU.ActiveCfg = Release|Any CPU
		{2A988F2F-89C2-41C4-9F42-2A09734961FE}.Release|Any CPU.Build.0 = Release|Any CPU
	EndGlobalSection
	GlobalSection(SolutionProperties) = preSolution
		HideSolutionNode = FALSE
	EndGlobalSection
	GlobalSection(ExtensibilityGlobals) = postSolution
		SolutionGuid = {A947052E-D5FA-4007-B3D5-AF9827D93936}
	EndGlobalSection
EndGlobal
