
Microsoft Visual Studio Solution File, Format Version 12.00
# Visual Studio Version 17
VisualStudioVersion = 17.3.32929.385
MinimumVisualStudioVersion = 10.0.40219.1
Project("{FAE04EC0-301F-11D3-BF4B-00C04F79EFBC}") = "UcveDordeBolunenSayilarinOrtalamasi", "UcveDordeBolunenSayilarinOrtalamasi\UcveDordeBolunenSayilarinOrtalamasi.csproj", "{73458299-2CC4-42EA-B874-7C0393D72AB0}"
EndProject
Global
	GlobalSection(SolutionConfigurationPlatforms) = preSolution
		Debug|Any CPU = Debug|Any CPU
		Release|Any CPU = Release|Any CPU
	EndGlobalSection
	GlobalSection(ProjectConfigurationPlatforms) = postSolution
		{73458299-2CC4-42EA-B874-7C0393D72AB0}.Debug|Any CPU.ActiveCfg = Debug|Any CPU
		{73458299-2CC4-42EA-B874-7C0393D72AB0}.Debug|Any CPU.Build.0 = Debug|Any CPU
		{73458299-2CC4-42EA-B874-7C0393D72AB0}.Release|Any CPU.ActiveCfg = Release|Any CPU
		{73458299-2CC4-42EA-B874-7C0393D72AB0}.Release|Any CPU.Build.0 = Release|Any CPU
	EndGlobalSection
	GlobalSection(SolutionProperties) = preSolution
		HideSolutionNode = FALSE
	EndGlobalSection
	GlobalSection(ExtensibilityGlobals) = postSolution
		SolutionGuid = {4E6313A0-68AA-4A8A-9E74-FB51F52A7832}
	EndGlobalSection
EndGlobal
